// !$*UTF8*$!
{
	archiveVersion = 1;
	classes = {
	};
	objectVersion = 56;
	objects = {

/* Begin PBXBuildFile section */
		FA7F0ABC2B1261B500888A80 /* AppDelegate.swift in Sources */ = {isa = PBXBuildFile; fileRef = FA7F0ABB2B1261B500888A80 /* AppDelegate.swift */; };
		FA7F0ABE2B1261B500888A80 /* SceneDelegate.swift in Sources */ = {isa = PBXBuildFile; fileRef = FA7F0ABD2B1261B500888A80 /* SceneDelegate.swift */; };
		FA7F0AC02B1261B500888A80 /* CountdownViewController.swift in Sources */ = {isa = PBXBuildFile; fileRef = FA7F0ABF2B1261B500888A80 /* CountdownViewController.swift */; };
		FA7F0AC32B1261B500888A80 /* Main.storyboard in Resources */ = {isa = PBXBuildFile; fileRef = FA7F0AC12B1261B500888A80 /* Main.storyboard */; };
		FA7F0AC62B1261B500888A80 /* Santa_s_Workshope_Planner_App.xcdatamodeld in Sources */ = {isa = PBXBuildFile; fileRef = FA7F0AC42B1261B500888A80 /* Santa_s_Workshope_Planner_App.xcdatamodeld */; };
		FA7F0AC82B1261B800888A80 /* Assets.xcassets in Resources */ = {isa = PBXBuildFile; fileRef = FA7F0AC72B1261B800888A80 /* Assets.xcassets */; };
		FA7F0ACB2B1261B800888A80 /* LaunchScreen.storyboard in Resources */ = {isa = PBXBuildFile; fileRef = FA7F0AC92B1261B800888A80 /* LaunchScreen.storyboard */; };
		FA7F0AD62B134BF300888A80 /* Quando-Regular.ttf in Resources */ = {isa = PBXBuildFile; fileRef = FA7F0AD52B134BF300888A80 /* Quando-Regular.ttf */; };
		FA7F0AD82B134BFC00888A80 /* lemon-tuesday.regular.otf in Resources */ = {isa = PBXBuildFile; fileRef = FA7F0AD72B134BFC00888A80 /* lemon-tuesday.regular.otf */; };
		FA7F0ADA2B134C2700888A80 /* PlayfairDisplay-Bold.ttf in Resources */ = {isa = PBXBuildFile; fileRef = FA7F0AD92B134C2700888A80 /* PlayfairDisplay-Bold.ttf */; };
		FA7F0AE12B1609BA00888A80 /* ButtonItems.swift in Sources */ = {isa = PBXBuildFile; fileRef = FA7F0AE02B1609BA00888A80 /* ButtonItems.swift */; };
		FA7F0AE52B1625D600888A80 /* LinkTableViewController.swift in Sources */ = {isa = PBXBuildFile; fileRef = FA7F0AE42B1625D600888A80 /* LinkTableViewController.swift */; };
		FA9F7F1A2B1774F000A3B053 /* GiftTableViewController.swift in Sources */ = {isa = PBXBuildFile; fileRef = FA9F7F192B1774F000A3B053 /* GiftTableViewController.swift */; };
		FA9F7F1C2B1790F100A3B053 /* GiftDetailViewController.swift in Sources */ = {isa = PBXBuildFile; fileRef = FA9F7F1B2B1790F100A3B053 /* GiftDetailViewController.swift */; };
		FA9F7F1E2B1A0B1200A3B053 /* ToDoTableViewController.swift in Sources */ = {isa = PBXBuildFile; fileRef = FA9F7F1D2B1A0B1200A3B053 /* ToDoTableViewController.swift */; };
		FA9F7F202B1CC50000A3B053 /* GiftDetailTableViewCell.swift in Sources */ = {isa = PBXBuildFile; fileRef = FA9F7F1F2B1CC50000A3B053 /* GiftDetailTableViewCell.swift */; };
/* End PBXBuildFile section */

/* Begin PBXFileReference section */
		FA7F0AB82B1261B500888A80 /* Santa's Workshope Planner App.app */ = {isa = PBXFileReference; explicitFileType = wrapper.application; includeInIndex = 0; path = "Santa's Workshope Planner App.app"; sourceTree = BUILT_PRODUCTS_DIR; };
		FA7F0ABB2B1261B500888A80 /* AppDelegate.swift */ = {isa = PBXFileReference; lastKnownFileType = sourcecode.swift; path = AppDelegate.swift; sourceTree = "<group>"; };
		FA7F0ABD2B1261B500888A80 /* SceneDelegate.swift */ = {isa = PBXFileReference; lastKnownFileType = sourcecode.swift; path = SceneDelegate.swift; sourceTree = "<group>"; };
		FA7F0ABF2B1261B500888A80 /* CountdownViewController.swift */ = {isa = PBXFileReference; lastKnownFileType = sourcecode.swift; path = CountdownViewController.swift; sourceTree = "<group>"; };
		FA7F0AC22B1261B500888A80 /* Base */ = {isa = PBXFileReference; lastKnownFileType = file.storyboard; name = Base; path = Base.lproj/Main.storyboard; sourceTree = "<group>"; };
		FA7F0AC52B1261B500888A80 /* Santa_s_Workshope_Planner_App.xcdatamodel */ = {isa = PBXFileReference; lastKnownFileType = wrapper.xcdatamodel; path = Santa_s_Workshope_Planner_App.xcdatamodel; sourceTree = "<group>"; };
		FA7F0AC72B1261B800888A80 /* Assets.xcassets */ = {isa = PBXFileReference; lastKnownFileType = folder.assetcatalog; path = Assets.xcassets; sourceTree = "<group>"; };
		FA7F0ACA2B1261B800888A80 /* Base */ = {isa = PBXFileReference; lastKnownFileType = file.storyboard; name = Base; path = Base.lproj/LaunchScreen.storyboard; sourceTree = "<group>"; };
		FA7F0ACC2B1261B800888A80 /* Info.plist */ = {isa = PBXFileReference; lastKnownFileType = text.plist.xml; path = Info.plist; sourceTree = "<group>"; };
		FA7F0AD52B134BF300888A80 /* Quando-Regular.ttf */ = {isa = PBXFileReference; lastKnownFileType = file; path = "Quando-Regular.ttf"; sourceTree = "<group>"; };
		FA7F0AD72B134BFC00888A80 /* lemon-tuesday.regular.otf */ = {isa = PBXFileReference; lastKnownFileType = file; path = "lemon-tuesday.regular.otf"; sourceTree = "<group>"; };
		FA7F0AD92B134C2700888A80 /* PlayfairDisplay-Bold.ttf */ = {isa = PBXFileReference; lastKnownFileType = file; path = "PlayfairDisplay-Bold.ttf"; sourceTree = "<group>"; };
		FA7F0AE02B1609BA00888A80 /* ButtonItems.swift */ = {isa = PBXFileReference; lastKnownFileType = sourcecode.swift; path = ButtonItems.swift; sourceTree = "<group>"; };
		FA7F0AE42B1625D600888A80 /* LinkTableViewController.swift */ = {isa = PBXFileReference; lastKnownFileType = sourcecode.swift; path = LinkTableViewController.swift; sourceTree = "<group>"; };
		FA9F7F192B1774F000A3B053 /* GiftTableViewController.swift */ = {isa = PBXFileReference; lastKnownFileType = sourcecode.swift; path = GiftTableViewController.swift; sourceTree = "<group>"; };
		FA9F7F1B2B1790F100A3B053 /* GiftDetailViewController.swift */ = {isa = PBXFileReference; lastKnownFileType = sourcecode.swift; path = GiftDetailViewController.swift; sourceTree = "<group>"; };
		FA9F7F1D2B1A0B1200A3B053 /* ToDoTableViewController.swift */ = {isa = PBXFileReference; lastKnownFileType = sourcecode.swift; path = ToDoTableViewController.swift; sourceTree = "<group>"; };
		FA9F7F1F2B1CC50000A3B053 /* GiftDetailTableViewCell.swift */ = {isa = PBXFileReference; lastKnownFileType = sourcecode.swift; path = GiftDetailTableViewCell.swift; sourceTree = "<group>"; };
/* End PBXFileReference section */

/* Begin PBXFrameworksBuildPhase section */
		FA7F0AB52B1261B500888A80 /* Frameworks */ = {
			isa = PBXFrameworksBuildPhase;
			buildActionMask = 2147483647;
			files = (
			);
			runOnlyForDeploymentPostprocessing = 0;
		};
/* End PBXFrameworksBuildPhase section */

/* Begin PBXGroup section */
		FA7F0AAF2B1261B500888A80 = {
			isa = PBXGroup;
			children = (
				FA7F0ABA2B1261B500888A80 /* Santa's Workshope Planner App */,
				FA7F0AB92B1261B500888A80 /* Products */,
			);
			sourceTree = "<group>";
		};
		FA7F0AB92B1261B500888A80 /* Products */ = {
			isa = PBXGroup;
			children = (
				FA7F0AB82B1261B500888A80 /* Santa's Workshope Planner App.app */,
			);
			name = Products;
			sourceTree = "<group>";
		};
		FA7F0ABA2B1261B500888A80 /* Santa's Workshope Planner App */ = {
			isa = PBXGroup;
			children = (
				FA7F0ADF2B16098800888A80 /* Models */,
				FA7F0AD22B1261D900888A80 /* AppDelegate */,
				FA7F0AD32B1261EF00888A80 /* Controller */,
				FA7F0AD42B12620300888A80 /* View */,
				FA7F0AC72B1261B800888A80 /* Assets.xcassets */,
				FA7F0ACC2B1261B800888A80 /* Info.plist */,
				FA7F0AC42B1261B500888A80 /* Santa_s_Workshope_Planner_App.xcdatamodeld */,
				FA7F0ADB2B134C4B00888A80 /* Fonts */,
			);
			path = "Santa's Workshope Planner App";
			sourceTree = "<group>";
		};
		FA7F0AD22B1261D900888A80 /* AppDelegate */ = {
			isa = PBXGroup;
			children = (
				FA7F0ABB2B1261B500888A80 /* AppDelegate.swift */,
				FA7F0ABD2B1261B500888A80 /* SceneDelegate.swift */,
			);
			path = AppDelegate;
			sourceTree = "<group>";
		};
		FA7F0AD32B1261EF00888A80 /* Controller */ = {
			isa = PBXGroup;
			children = (
				FA7F0ABF2B1261B500888A80 /* CountdownViewController.swift */,
				FA7F0AE42B1625D600888A80 /* LinkTableViewController.swift */,
				FA9F7F192B1774F000A3B053 /* GiftTableViewController.swift */,
				FA9F7F1B2B1790F100A3B053 /* GiftDetailViewController.swift */,
				FA9F7F1F2B1CC50000A3B053 /* GiftDetailTableViewCell.swift */,
				FA9F7F1D2B1A0B1200A3B053 /* ToDoTableViewController.swift */,
			);
			path = Controller;
			sourceTree = "<group>";
		};
		FA7F0AD42B12620300888A80 /* View */ = {
			isa = PBXGroup;
			children = (
				FA7F0AC12B1261B500888A80 /* Main.storyboard */,
				FA7F0AC92B1261B800888A80 /* LaunchScreen.storyboard */,
			);
			path = View;
			sourceTree = "<group>";
		};
		FA7F0ADB2B134C4B00888A80 /* Fonts */ = {
			isa = PBXGroup;
			children = (
				FA7F0AD52B134BF300888A80 /* Quando-Regular.ttf */,
				FA7F0AD72B134BFC00888A80 /* lemon-tuesday.regular.otf */,
				FA7F0AD92B134C2700888A80 /* PlayfairDisplay-Bold.ttf */,
			);
			path = Fonts;
			sourceTree = "<group>";
		};
		FA7F0ADF2B16098800888A80 /* Models */ = {
			isa = PBXGroup;
			children = (
				FA7F0AE02B1609BA00888A80 /* ButtonItems.swift */,
			);
			path = Models;
			sourceTree = "<group>";
		};
/* End PBXGroup section */

/* Begin PBXNativeTarget section */
		FA7F0AB72B1261B500888A80 /* Santa's Workshope Planner App */ = {
			isa = PBXNativeTarget;
			buildConfigurationList = FA7F0ACF2B1261B800888A80 /* Build configuration list for PBXNativeTarget "Santa's Workshope Planner App" */;
			buildPhases = (
				FA7F0AB42B1261B500888A80 /* Sources */,
				FA7F0AB52B1261B500888A80 /* Frameworks */,
				FA7F0AB62B1261B500888A80 /* Resources */,
			);
			buildRules = (
			);
			dependencies = (
			);
			name = "Santa's Workshope Planner App";
			productName = "Santa's Workshope Planner App";
			productReference = FA7F0AB82B1261B500888A80 /* Santa's Workshope Planner App.app */;
			productType = "com.apple.product-type.application";
		};
/* End PBXNativeTarget section */

/* Begin PBXProject section */
		FA7F0AB02B1261B500888A80 /* Project object */ = {
			isa = PBXProject;
			attributes = {
				BuildIndependentTargetsInParallel = 1;
				LastSwiftUpdateCheck = 1500;
				LastUpgradeCheck = 1500;
				TargetAttributes = {
					FA7F0AB72B1261B500888A80 = {
						CreatedOnToolsVersion = 15.0.1;
					};
				};
			};
			buildConfigurationList = FA7F0AB32B1261B500888A80 /* Build configuration list for PBXProject "Santa's Workshope Planner App" */;
			compatibilityVersion = "Xcode 14.0";
			developmentRegion = en;
			hasScannedForEncodings = 0;
			knownRegions = (
				en,
				Base,
			);
			mainGroup = FA7F0AAF2B1261B500888A80;
			productRefGroup = FA7F0AB92B1261B500888A80 /* Products */;
			projectDirPath = "";
			projectRoot = "";
			targets = (
				FA7F0AB72B1261B500888A80 /* Santa's Workshope Planner App */,
			);
		};
/* End PBXProject section */

/* Begin PBXResourcesBuildPhase section */
		FA7F0AB62B1261B500888A80 /* Resources */ = {
			isa = PBXResourcesBuildPhase;
			buildActionMask = 2147483647;
			files = (
				FA7F0ADA2B134C2700888A80 /* PlayfairDisplay-Bold.ttf in Resources */,
				FA7F0ACB2B1261B800888A80 /* LaunchScreen.storyboard in Resources */,
				FA7F0AD62B134BF300888A80 /* Quando-Regular.ttf in Resources */,
				FA7F0AD82B134BFC00888A80 /* lemon-tuesday.regular.otf in Resources */,
				FA7F0AC82B1261B800888A80 /* Assets.xcassets in Resources */,
				FA7F0AC32B1261B500888A80 /* Main.storyboard in Resources */,
			);
			runOnlyForDeploymentPostprocessing = 0;
		};
/* End PBXResourcesBuildPhase section */

/* Begin PBXSourcesBuildPhase section */
		FA7F0AB42B1261B500888A80 /* Sources */ = {
			isa = PBXSourcesBuildPhase;
			buildActionMask = 2147483647;
			files = (
				FA7F0AC02B1261B500888A80 /* CountdownViewController.swift in Sources */,
				FA9F7F1E2B1A0B1200A3B053 /* ToDoTableViewController.swift in Sources */,
				FA7F0AE52B1625D600888A80 /* LinkTableViewController.swift in Sources */,
				FA9F7F1A2B1774F000A3B053 /* GiftTableViewController.swift in Sources */,
				FA7F0ABC2B1261B500888A80 /* AppDelegate.swift in Sources */,
				FA7F0ABE2B1261B500888A80 /* SceneDelegate.swift in Sources */,
				FA9F7F202B1CC50000A3B053 /* GiftDetailTableViewCell.swift in Sources */,
				FA9F7F1C2B1790F100A3B053 /* GiftDetailViewController.swift in Sources */,
				FA7F0AE12B1609BA00888A80 /* ButtonItems.swift in Sources */,
				FA7F0AC62B1261B500888A80 /* Santa_s_Workshope_Planner_App.xcdatamodeld in Sources */,
			);
			runOnlyForDeploymentPostprocessing = 0;
		};
/* End PBXSourcesBuildPhase section */

/* Begin PBXVariantGroup section */
		FA7F0AC12B1261B500888A80 /* Main.storyboard */ = {
			isa = PBXVariantGroup;
			children = (
				FA7F0AC22B1261B500888A80 /* Base */,
			);
			name = Main.storyboard;
			sourceTree = "<group>";
		};
		FA7F0AC92B1261B800888A80 /* LaunchScreen.storyboard */ = {
			isa = PBXVariantGroup;
			children = (
				FA7F0ACA2B1261B800888A80 /* Base */,
			);
			name = LaunchScreen.storyboard;
			sourceTree = "<group>";
		};
/* End PBXVariantGroup section */

/* Begin XCBuildConfiguration section */
		FA7F0ACD2B1261B800888A80 /* Debug */ = {
			isa = XCBuildConfiguration;
			buildSettings = {
				ALWAYS_SEARCH_USER_PATHS = NO;
				ASSETCATALOG_COMPILER_GENERATE_SWIFT_ASSET_SYMBOL_EXTENSIONS = YES;
				CLANG_ANALYZER_NONNULL = YES;
				CLANG_ANALYZER_NUMBER_OBJECT_CONVERSION = YES_AGGRESSIVE;
				CLANG_CXX_LANGUAGE_STANDARD = "gnu++20";
				CLANG_ENABLE_MODULES = YES;
				CLANG_ENABLE_OBJC_ARC = YES;
				CLANG_ENABLE_OBJC_WEAK = YES;
				CLANG_WARN_BLOCK_CAPTURE_AUTORELEASING = YES;
				CLANG_WARN_BOOL_CONVERSION = YES;
				CLANG_WARN_COMMA = YES;
				CLANG_WARN_CONSTANT_CONVERSION = YES;
				CLANG_WARN_DEPRECATED_OBJC_IMPLEMENTATIONS = YES;
				CLANG_WARN_DIRECT_OBJC_ISA_USAGE = YES_ERROR;
				CLANG_WARN_DOCUMENTATION_COMMENTS = YES;
				CLANG_WARN_EMPTY_BODY = YES;
				CLANG_WARN_ENUM_CONVERSION = YES;
				CLANG_WARN_INFINITE_RECURSION = YES;
				CLANG_WARN_INT_CONVERSION = YES;
				CLANG_WARN_NON_LITERAL_NULL_CONVERSION = YES;
				CLANG_WARN_OBJC_IMPLICIT_RETAIN_SELF = YES;
				CLANG_WARN_OBJC_LITERAL_CONVERSION = YES;
				CLANG_WARN_OBJC_ROOT_CLASS = YES_ERROR;
				CLANG_WARN_QUOTED_INCLUDE_IN_FRAMEWORK_HEADER = YES;
				CLANG_WARN_RANGE_LOOP_ANALYSIS = YES;
				CLANG_WARN_STRICT_PROTOTYPES = YES;
				CLANG_WARN_SUSPICIOUS_MOVE = YES;
				CLANG_WARN_UNGUARDED_AVAILABILITY = YES_AGGRESSIVE;
				CLANG_WARN_UNREACHABLE_CODE = YES;
				CLANG_WARN__DUPLICATE_METHOD_MATCH = YES;
				COPY_PHASE_STRIP = NO;
				DEBUG_INFORMATION_FORMAT = dwarf;
				ENABLE_STRICT_OBJC_MSGSEND = YES;
				ENABLE_TESTABILITY = YES;
				ENABLE_USER_SCRIPT_SANDBOXING = YES;
				GCC_C_LANGUAGE_STANDARD = gnu17;
				GCC_DYNAMIC_NO_PIC = NO;
				GCC_NO_COMMON_BLOCKS = YES;
				GCC_OPTIMIZATION_LEVEL = 0;
				GCC_PREPROCESSOR_DEFINITIONS = (
					"DEBUG=1",
					"$(inherited)",
				);
				GCC_WARN_64_TO_32_BIT_CONVERSION = YES;
				GCC_WARN_ABOUT_RETURN_TYPE = YES_ERROR;
				GCC_WARN_UNDECLARED_SELECTOR = YES;
				GCC_WARN_UNINITIALIZED_AUTOS = YES_AGGRESSIVE;
				GCC_WARN_UNUSED_FUNCTION = YES;
				GCC_WARN_UNUSED_VARIABLE = YES;
				IPHONEOS_DEPLOYMENT_TARGET = 17.0;
				LOCALIZATION_PREFERS_STRING_CATALOGS = YES;
				MTL_ENABLE_DEBUG_INFO = INCLUDE_SOURCE;
				MTL_FAST_MATH = YES;
				ONLY_ACTIVE_ARCH = YES;
				SDKROOT = iphoneos;
				SWIFT_ACTIVE_COMPILATION_CONDITIONS = "DEBUG $(inherited)";
				SWIFT_OPTIMIZATION_LEVEL = "-Onone";
			};
			name = Debug;
		};
		FA7F0ACE2B1261B800888A80 /* Release */ = {
			isa = XCBuildConfiguration;
			buildSettings = {
				ALWAYS_SEARCH_USER_PATHS = NO;
				ASSETCATALOG_COMPILER_GENERATE_SWIFT_ASSET_SYMBOL_EXTENSIONS = YES;
				CLANG_ANALYZER_NONNULL = YES;
				CLANG_ANALYZER_NUMBER_OBJECT_CONVERSION = YES_AGGRESSIVE;
				CLANG_CXX_LANGUAGE_STANDARD = "gnu++20";
				CLANG_ENABLE_MODULES = YES;
				CLANG_ENABLE_OBJC_ARC = YES;
				CLANG_ENABLE_OBJC_WEAK = YES;
				CLANG_WARN_BLOCK_CAPTURE_AUTORELEASING = YES;
				CLANG_WARN_BOOL_CONVERSION = YES;
				CLANG_WARN_COMMA = YES;
				CLANG_WARN_CONSTANT_CONVERSION = YES;
				CLANG_WARN_DEPRECATED_OBJC_IMPLEMENTATIONS = YES;
				CLANG_WARN_DIRECT_OBJC_ISA_USAGE = YES_ERROR;
				CLANG_WARN_DOCUMENTATION_COMMENTS = YES;
				CLANG_WARN_EMPTY_BODY = YES;
				CLANG_WARN_ENUM_CONVERSION = YES;
				CLANG_WARN_INFINITE_RECURSION = YES;
				CLANG_WARN_INT_CONVERSION = YES;
				CLANG_WARN_NON_LITERAL_NULL_CONVERSION = YES;
				CLANG_WARN_OBJC_IMPLICIT_RETAIN_SELF = YES;
				CLANG_WARN_OBJC_LITERAL_CONVERSION = YES;
				CLANG_WARN_OBJC_ROOT_CLASS = YES_ERROR;
				CLANG_WARN_QUOTED_INCLUDE_IN_FRAMEWORK_HEADER = YES;
				CLANG_WARN_RANGE_LOOP_ANALYSIS = YES;
				CLANG_WARN_STRICT_PROTOTYPES = YES;
				CLANG_WARN_SUSPICIOUS_MOVE = YES;
				CLANG_WARN_UNGUARDED_AVAILABILITY = YES_AGGRESSIVE;
				CLANG_WARN_UNREACHABLE_CODE = YES;
				CLANG_WARN__DUPLICATE_METHOD_MATCH = YES;
				COPY_PHASE_STRIP = NO;
				DEBUG_INFORMATION_FORMAT = "dwarf-with-dsym";
				ENABLE_NS_ASSERTIONS = NO;
				ENABLE_STRICT_OBJC_MSGSEND = YES;
				ENABLE_USER_SCRIPT_SANDBOXING = YES;
				GCC_C_LANGUAGE_STANDARD = gnu17;
				GCC_NO_COMMON_BLOCKS = YES;
				GCC_WARN_64_TO_32_BIT_CONVERSION = YES;
				GCC_WARN_ABOUT_RETURN_TYPE = YES_ERROR;
				GCC_WARN_UNDECLARED_SELECTOR = YES;
				GCC_WARN_UNINITIALIZED_AUTOS = YES_AGGRESSIVE;
				GCC_WARN_UNUSED_FUNCTION = YES;
				GCC_WARN_UNUSED_VARIABLE = YES;
				IPHONEOS_DEPLOYMENT_TARGET = 17.0;
				LOCALIZATION_PREFERS_STRING_CATALOGS = YES;
				MTL_ENABLE_DEBUG_INFO = NO;
				MTL_FAST_MATH = YES;
				SDKROOT = iphoneos;
				SWIFT_COMPILATION_MODE = wholemodule;
				VALIDATE_PRODUCT = YES;
			};
			name = Release;
		};
		FA7F0AD02B1261B800888A80 /* Debug */ = {
			isa = XCBuildConfiguration;
			buildSettings = {
				ASSETCATALOG_COMPILER_APPICON_NAME = AppIcon;
				ASSETCATALOG_COMPILER_GLOBAL_ACCENT_COLOR_NAME = AccentColor;
				CODE_SIGN_STYLE = Automatic;
				CURRENT_PROJECT_VERSION = 1;
				GENERATE_INFOPLIST_FILE = YES;
				INFOPLIST_FILE = "Santa's Workshope Planner App/Info.plist";
				INFOPLIST_KEY_UIApplicationSupportsIndirectInputEvents = YES;
				INFOPLIST_KEY_UILaunchStoryboardName = LaunchScreen;
				INFOPLIST_KEY_UIMainStoryboardFile = Main;
				INFOPLIST_KEY_UISupportedInterfaceOrientations_iPad = "UIInterfaceOrientationPortrait UIInterfaceOrientationPortraitUpsideDown UIInterfaceOrientationLandscapeLeft UIInterfaceOrientationLandscapeRight";
				INFOPLIST_KEY_UISupportedInterfaceOrientations_iPhone = "UIInterfaceOrientationPortrait UIInterfaceOrientationLandscapeLeft UIInterfaceOrientationLandscapeRight";
				LD_RUNPATH_SEARCH_PATHS = (
					"$(inherited)",
					"@executable_path/Frameworks",
				);
				MARKETING_VERSION = 1.0;
				PRODUCT_BUNDLE_IDENTIFIER = "com.accentureboothcamp-lg.Santa-s-Workshope-Planner-App";
				PRODUCT_NAME = "$(TARGET_NAME)";
				SWIFT_EMIT_LOC_STRINGS = YES;
				SWIFT_VERSION = 5.0;
				TARGETED_DEVICE_FAMILY = "1,2";
			};
			name = Debug;
		};
		FA7F0AD12B1261B800888A80 /* Release */ = {
			isa = XCBuildConfiguration;
			buildSettings = {
				ASSETCATALOG_COMPILER_APPICON_NAME = AppIcon;
				ASSETCATALOG_COMPILER_GLOBAL_ACCENT_COLOR_NAME = AccentColor;
				CODE_SIGN_STYLE = Automatic;
				CURRENT_PROJECT_VERSION = 1;
				GENERATE_INFOPLIST_FILE = YES;
				INFOPLIST_FILE = "Santa's Workshope Planner App/Info.plist";
				INFOPLIST_KEY_UIApplicationSupportsIndirectInputEvents = YES;
				INFOPLIST_KEY_UILaunchStoryboardName = LaunchScreen;
				INFOPLIST_KEY_UIMainStoryboardFile = Main;
				INFOPLIST_KEY_UISupportedInterfaceOrientations_iPad = "UIInterfaceOrientationPortrait UIInterfaceOrientationPortraitUpsideDown UIInterfaceOrientationLandscapeLeft UIInterfaceOrientationLandscapeRight";
				INFOPLIST_KEY_UISupportedInterfaceOrientations_iPhone = "UIInterfaceOrientationPortrait UIInterfaceOrientationLandscapeLeft UIInterfaceOrientationLandscapeRight";
				LD_RUNPATH_SEARCH_PATHS = (
					"$(inherited)",
					"@executable_path/Frameworks",
				);
				MARKETING_VERSION = 1.0;
				PRODUCT_BUNDLE_IDENTIFIER = "com.accentureboothcamp-lg.Santa-s-Workshope-Planner-App";
				PRODUCT_NAME = "$(TARGET_NAME)";
				SWIFT_EMIT_LOC_STRINGS = YES;
				SWIFT_VERSION = 5.0;
				TARGETED_DEVICE_FAMILY = "1,2";
			};
			name = Release;
		};
/* End XCBuildConfiguration section */

/* Begin XCConfigurationList section */
		FA7F0AB32B1261B500888A80 /* Build configuration list for PBXProject "Santa's Workshope Planner App" */ = {
			isa = XCConfigurationList;
			buildConfigurations = (
				FA7F0ACD2B1261B800888A80 /* Debug */,
				FA7F0ACE2B1261B800888A80 /* Release */,
			);
			defaultConfigurationIsVisible = 0;
			defaultConfigurationName = Release;
		};
		FA7F0ACF2B1261B800888A80 /* Build configuration list for PBXNativeTarget "Santa's Workshope Planner App" */ = {
			isa = XCConfigurationList;
			buildConfigurations = (
				FA7F0AD02B1261B800888A80 /* Debug */,
				FA7F0AD12B1261B800888A80 /* Release */,
			);
			defaultConfigurationIsVisible = 0;
			defaultConfigurationName = Release;
		};
/* End XCConfigurationList section */

/* Begin XCVersionGroup section */
		FA7F0AC42B1261B500888A80 /* Santa_s_Workshope_Planner_App.xcdatamodeld */ = {
			isa = XCVersionGroup;
			children = (
				FA7F0AC52B1261B500888A80 /* Santa_s_Workshope_Planner_App.xcdatamodel */,
			);
			currentVersion = FA7F0AC52B1261B500888A80 /* Santa_s_Workshope_Planner_App.xcdatamodel */;
			path = Santa_s_Workshope_Planner_App.xcdatamodeld;
			sourceTree = "<group>";
			versionGroupType = wrapper.xcdatamodel;
		};
/* End XCVersionGroup section */
	};
	rootObject = FA7F0AB02B1261B500888A80 /* Project object */;
}
